<?xml version="1.0" encoding="utf-8"?>
<Project ToolsVersion="4.0" xmlns="http://schemas.microsoft.com/developer/msbuild/2003">
  <ItemGroup>
    <Filter Include="Source Files">
      <UniqueIdentifier>{4FC737F1-C7A5-4376-A066-2A32D752A2FF}</UniqueIdentifier>
      <Extensions>cpp;c;cc;cxx;def;odl;idl;hpj;bat;asm;asmx</Extensions>
    </Filter>
    <Filter Include="Header Files">
      <UniqueIdentifier>{93995380-89BD-4b04-88EB-625FBE52EBFB}</UniqueIdentifier>
      <Extensions>h;hh;hpp;hxx;hm;inl;inc;xsd</Extensions>
    </Filter>
    <Filter Include="Resource Files">
      <UniqueIdentifier>{67DA6AB6-F800-4c08-8B7A-83BB121AAD01}</UniqueIdentifier>
      <Extensions>rc;ico;cur;bmp;dlg;rc2;rct;bin;rgs;gif;jpg;jpeg;jpe;resx;tiff;tif;png;wav</Extensions>
    </Filter>
  </ItemGroup>
  <ItemGroup>
    <ClCompile Include="fabamaqchallenge\AnimatedObject.cpp">
      <Filter>Source Files</Filter>
    </ClCompile>
    <ClCompile Include="fabamaqchallenge\CasinoSlot.cpp">
      <Filter>Source Files</Filter>
    </ClCompile>
    <ClCompile Include="fabamaqchallenge\Game.cpp">
      <Filter>Source Files</Filter>
    </ClCompile>
    <ClCompile Include="fabamaqchallenge\GameObject.cpp">
      <Filter>Source Files</Filter>
    </ClCompile>
    <ClCompile Include="fabamaqchallenge\ImageObject.cpp">
      <Filter>Source Files</Filter>
    </ClCompile>
    <ClCompile Include="fabamaqchallenge\KeyboardEventHandler.cpp">
      <Filter>Source Files</Filter>
    </ClCompile>
    <ClCompile Include="fabamaqchallenge\main.cpp">
      <Filter>Source Files</Filter>
    </ClCompile>
    <ClCompile Include="fabamaqchallenge\ObjectFactory.cpp">
      <Filter>Source Files</Filter>
    </ClCompile>
    <ClCompile Include="fabamaqchallenge\TextObject.cpp">
      <Filter>Source Files</Filter>
    </ClCompile>
    <ClCompile Include="fabamaqchallenge\TextureLoader.cpp">
      <Filter>Source Files</Filter>
    </ClCompile>
    <ClCompile Include="fabamaqchallenge\Timer.cpp">
      <Filter>Source Files</Filter>
    </ClCompile>
  </ItemGroup>
  <ItemGroup>
    <ClInclude Include="fabamaqchallenge\AnimatedObject.h">
      <Filter>Header Files</Filter>
    </ClInclude>
    <ClInclude Include="fabamaqchallenge\CasinoSlot.h">
      <Filter>Header Files</Filter>
    </ClInclude>
    <ClInclude Include="fabamaqchallenge\Game.h">
      <Filter>Header Files</Filter>
    </ClInclude>
    <ClInclude Include="fabamaqchallenge\GameObject.h">
      <Filter>Header Files</Filter>
    </ClInclude>
    <ClInclude Include="fabamaqchallenge\ImageObject.h">
      <Filter>Header Files</Filter>
    </ClInclude>
    <ClInclude Include="fabamaqchallenge\KeyboardEventHandler.h">
      <Filter>Header Files</Filter>
    </ClInclude>
    <ClInclude Include="fabamaqchallenge\KeyPresses.h">
      <Filter>Header Files</Filter>
    </ClInclude>
    <ClInclude Include="fabamaqchallenge\ObjectFactory.h">
      <Filter>Header Files</Filter>
    </ClInclude>
    <ClInclude Include="fabamaqchallenge\TextObject.h">
      <Filter>Header Files</Filter>
    </ClInclude>
    <ClInclude Include="fabamaqchallenge\TextureLoader.h">
      <Filter>Header Files</Filter>
    </ClInclude>
    <ClInclude Include="fabamaqchallenge\Timer.h">
      <Filter>Header Files</Filter>
    </ClInclude>
  </ItemGroup>
</Project>